
Microsoft Visual Studio Solution File, Format Version 12.00
# Visual Studio Version 17
VisualStudioVersion = 17.0.31903.59
MinimumVisualStudioVersion = 10.0.40219.1
Project("{2150E333-8FDC-42A3-9474-1A3956D46DE8}") = "src", "src", "{FE7D3D4B-BE25-4D90-83E9-092753C3DE37}"
EndProject
Project("{2150E333-8FDC-42A3-9474-1A3956D46DE8}") = "CleanArquitecture", "CleanArquitecture", "{DA3405DB-1F53-4A0F-9DAB-616B58C83263}"
EndProject
Project("{FAE04EC0-301F-11D3-BF4B-00C04F79EFBC}") = "CleanArchitecture.Domain", "src\CleanArquitecture\CleanArchitecture.Domain\CleanArchitecture.Domain.csproj", "{EA9A3613-C00E-4E5E-87A5-209F2BD907B9}"
EndProject
Global
	GlobalSection(SolutionConfigurationPlatforms) = preSolution
		Debug|Any CPU = Debug|Any CPU
		Release|Any CPU = Release|Any CPU
	EndGlobalSection
	GlobalSection(SolutionProperties) = preSolution
		HideSolutionNode = FALSE
	EndGlobalSection
	GlobalSection(ProjectConfigurationPlatforms) = postSolution
		{EA9A3613-C00E-4E5E-87A5-209F2BD907B9}.Debug|Any CPU.ActiveCfg = Debug|Any CPU
		{EA9A3613-C00E-4E5E-87A5-209F2BD907B9}.Debug|Any CPU.Build.0 = Debug|Any CPU
		{EA9A3613-C00E-4E5E-87A5-209F2BD907B9}.Release|Any CPU.ActiveCfg = Release|Any CPU
		{EA9A3613-C00E-4E5E-87A5-209F2BD907B9}.Release|Any CPU.Build.0 = Release|Any CPU
	EndGlobalSection
	GlobalSection(NestedProjects) = preSolution
		{DA3405DB-1F53-4A0F-9DAB-616B58C83263} = {FE7D3D4B-BE25-4D90-83E9-092753C3DE37}
		{EA9A3613-C00E-4E5E-87A5-209F2BD907B9} = {DA3405DB-1F53-4A0F-9DAB-616B58C83263}
	EndGlobalSection
EndGlobal
